// !$*UTF8*$!
{
	archiveVersion = 1;
	classes = {
	};
	objectVersion = 46;
	objects = {

/* Begin PBXBuildFile section */
		17C24A680DF91B4DFB651560 /* Pods_Driver_app.framework in Frameworks */ = {isa = PBXBuildFile; fileRef = DD635C861AB32E2E0C18BC7D /* Pods_Driver_app.framework */; };
		8D2A23451E90996700904377 /* signInVc.swift in Sources */ = {isa = PBXBuildFile; fileRef = 8D2A23441E90996700904377 /* signInVc.swift */; };
		8D2A23471E909D4F00904377 /* GoogleService-Info.plist in Resources */ = {isa = PBXBuildFile; fileRef = 8D2A23461E909D4F00904377 /* GoogleService-Info.plist */; };
		8D2A234A1E90A12D00904377 /* AuthProvider.swift in Sources */ = {isa = PBXBuildFile; fileRef = 8D2A23491E90A12D00904377 /* AuthProvider.swift */; };
		8D2A234C1E90B5E300904377 /* DriverVC.swift in Sources */ = {isa = PBXBuildFile; fileRef = 8D2A234B1E90B5E300904377 /* DriverVC.swift */; };
		8D2A234E1E90E11500904377 /* DBreference.swift in Sources */ = {isa = PBXBuildFile; fileRef = 8D2A234D1E90E11500904377 /* DBreference.swift */; };
		8D2A23501E90E13900904377 /* Constants.swift in Sources */ = {isa = PBXBuildFile; fileRef = 8D2A234F1E90E13900904377 /* Constants.swift */; };
		8D2A23521E90E55E00904377 /* UberHandler.swift in Sources */ = {isa = PBXBuildFile; fileRef = 8D2A23511E90E55E00904377 /* UberHandler.swift */; };
		8D7DE7001E9094A1007929AE /* AppDelegate.swift in Sources */ = {isa = PBXBuildFile; fileRef = 8D7DE6FF1E9094A1007929AE /* AppDelegate.swift */; };
		8D7DE7051E9094A1007929AE /* Main.storyboard in Resources */ = {isa = PBXBuildFile; fileRef = 8D7DE7031E9094A1007929AE /* Main.storyboard */; };
		8D7DE7071E9094A1007929AE /* Assets.xcassets in Resources */ = {isa = PBXBuildFile; fileRef = 8D7DE7061E9094A1007929AE /* Assets.xcassets */; };
		8D7DE70A1E9094A1007929AE /* LaunchScreen.storyboard in Resources */ = {isa = PBXBuildFile; fileRef = 8D7DE7081E9094A1007929AE /* LaunchScreen.storyboard */; };
/* End PBXBuildFile section */

/* Begin PBXFileReference section */
		05F029E76CD33032C4869760 /* Pods-Driver app.release.xcconfig */ = {isa = PBXFileReference; includeInIndex = 1; lastKnownFileType = text.xcconfig; name = "Pods-Driver app.release.xcconfig"; path = "Pods/Target Support Files/Pods-Driver app/Pods-Driver app.release.xcconfig"; sourceTree = "<group>"; };
		68002BDD33BAAC0AE060144F /* Pods-Driver app.debug.xcconfig */ = {isa = PBXFileReference; includeInIndex = 1; lastKnownFileType = text.xcconfig; name = "Pods-Driver app.debug.xcconfig"; path = "Pods/Target Support Files/Pods-Driver app/Pods-Driver app.debug.xcconfig"; sourceTree = "<group>"; };
		8D2A23441E90996700904377 /* signInVc.swift */ = {isa = PBXFileReference; fileEncoding = 4; lastKnownFileType = sourcecode.swift; path = signInVc.swift; sourceTree = "<group>"; };
		8D2A23461E909D4F00904377 /* GoogleService-Info.plist */ = {isa = PBXFileReference; fileEncoding = 4; lastKnownFileType = text.plist.xml; path = "GoogleService-Info.plist"; sourceTree = "<group>"; };
		8D2A23491E90A12D00904377 /* AuthProvider.swift */ = {isa = PBXFileReference; fileEncoding = 4; lastKnownFileType = sourcecode.swift; path = AuthProvider.swift; sourceTree = "<group>"; };
		8D2A234B1E90B5E300904377 /* DriverVC.swift */ = {isa = PBXFileReference; fileEncoding = 4; lastKnownFileType = sourcecode.swift; path = DriverVC.swift; sourceTree = "<group>"; };
		8D2A234D1E90E11500904377 /* DBreference.swift */ = {isa = PBXFileReference; fileEncoding = 4; lastKnownFileType = sourcecode.swift; path = DBreference.swift; sourceTree = "<group>"; };
		8D2A234F1E90E13900904377 /* Constants.swift */ = {isa = PBXFileReference; fileEncoding = 4; lastKnownFileType = sourcecode.swift; path = Constants.swift; sourceTree = "<group>"; };
		8D2A23511E90E55E00904377 /* UberHandler.swift */ = {isa = PBXFileReference; fileEncoding = 4; lastKnownFileType = sourcecode.swift; path = UberHandler.swift; sourceTree = "<group>"; };
		8D7DE6FC1E9094A1007929AE /* Driver app.app */ = {isa = PBXFileReference; explicitFileType = wrapper.application; includeInIndex = 0; path = "Driver app.app"; sourceTree = BUILT_PRODUCTS_DIR; };
		8D7DE6FF1E9094A1007929AE /* AppDelegate.swift */ = {isa = PBXFileReference; lastKnownFileType = sourcecode.swift; path = AppDelegate.swift; sourceTree = "<group>"; };
		8D7DE7041E9094A1007929AE /* Base */ = {isa = PBXFileReference; lastKnownFileType = file.storyboard; name = Base; path = Base.lproj/Main.storyboard; sourceTree = "<group>"; };
		8D7DE7061E9094A1007929AE /* Assets.xcassets */ = {isa = PBXFileReference; lastKnownFileType = folder.assetcatalog; path = Assets.xcassets; sourceTree = "<group>"; };
		8D7DE7091E9094A1007929AE /* Base */ = {isa = PBXFileReference; lastKnownFileType = file.storyboard; name = Base; path = Base.lproj/LaunchScreen.storyboard; sourceTree = "<group>"; };
		8D7DE70B1E9094A1007929AE /* Info.plist */ = {isa = PBXFileReference; lastKnownFileType = text.plist.xml; path = Info.plist; sourceTree = "<group>"; };
		DD635C861AB32E2E0C18BC7D /* Pods_Driver_app.framework */ = {isa = PBXFileReference; explicitFileType = wrapper.framework; includeInIndex = 0; path = Pods_Driver_app.framework; sourceTree = BUILT_PRODUCTS_DIR; };
/* End PBXFileReference section */

/* Begin PBXFrameworksBuildPhase section */
		8D7DE6F91E9094A1007929AE /* Frameworks */ = {
			isa = PBXFrameworksBuildPhase;
			buildActionMask = 2147483647;
			files = (
				17C24A680DF91B4DFB651560 /* Pods_Driver_app.framework in Frameworks */,
			);
			runOnlyForDeploymentPostprocessing = 0;
		};
/* End PBXFrameworksBuildPhase section */

/* Begin PBXGroup section */
		2783B425E0EB3A738B6D43FA /* Pods */ = {
			isa = PBXGroup;
			children = (
				68002BDD33BAAC0AE060144F /* Pods-Driver app.debug.xcconfig */,
				05F029E76CD33032C4869760 /* Pods-Driver app.release.xcconfig */,
			);
			name = Pods;
			sourceTree = "<group>";
		};
		7C8CA2F2F6E703277838EAB4 /* Frameworks */ = {
			isa = PBXGroup;
			children = (
				DD635C861AB32E2E0C18BC7D /* Pods_Driver_app.framework */,
			);
			name = Frameworks;
			sourceTree = "<group>";
		};
		8D2A233F1E90990800904377 /* Model */ = {
			isa = PBXGroup;
			children = (
			);
			name = Model;
			sourceTree = "<group>";
		};
		8D2A23401E90991200904377 /* View */ = {
			isa = PBXGroup;
			children = (
			);
			name = View;
			sourceTree = "<group>";
		};
		8D2A23411E90991700904377 /* Controller */ = {
			isa = PBXGroup;
			children = (
				8D2A23441E90996700904377 /* signInVc.swift */,
				8D2A234B1E90B5E300904377 /* DriverVC.swift */,
			);
			name = Controller;
			sourceTree = "<group>";
		};
		8D2A23481E90A11B00904377 /* plugins */ = {
			isa = PBXGroup;
			children = (
				8D2A23491E90A12D00904377 /* AuthProvider.swift */,
				8D2A234D1E90E11500904377 /* DBreference.swift */,
				8D2A234F1E90E13900904377 /* Constants.swift */,
				8D2A23511E90E55E00904377 /* UberHandler.swift */,
			);
			name = plugins;
			sourceTree = "<group>";
		};
		8D7DE6F31E9094A1007929AE = {
			isa = PBXGroup;
			children = (
				8D7DE6FE1E9094A1007929AE /* Driver app */,
				8D7DE6FD1E9094A1007929AE /* Products */,
				2783B425E0EB3A738B6D43FA /* Pods */,
				7C8CA2F2F6E703277838EAB4 /* Frameworks */,
			);
			sourceTree = "<group>";
		};
		8D7DE6FD1E9094A1007929AE /* Products */ = {
			isa = PBXGroup;
			children = (
				8D7DE6FC1E9094A1007929AE /* Driver app.app */,
			);
			name = Products;
			sourceTree = "<group>";
		};
		8D7DE6FE1E9094A1007929AE /* Driver app */ = {
			isa = PBXGroup;
			children = (
				8D2A23481E90A11B00904377 /* plugins */,
				8D2A23411E90991700904377 /* Controller */,
				8D2A23401E90991200904377 /* View */,
				8D2A233F1E90990800904377 /* Model */,
				8D7DE6FF1E9094A1007929AE /* AppDelegate.swift */,
				8D7DE7031E9094A1007929AE /* Main.storyboard */,
				8D7DE7061E9094A1007929AE /* Assets.xcassets */,
				8D7DE7081E9094A1007929AE /* LaunchScreen.storyboard */,
				8D2A23461E909D4F00904377 /* GoogleService-Info.plist */,
				8D7DE70B1E9094A1007929AE /* Info.plist */,
			);
			path = "Driver app";
			sourceTree = "<group>";
		};
/* End PBXGroup section */

/* Begin PBXNativeTarget section */
		8D7DE6FB1E9094A1007929AE /* Driver app */ = {
			isa = PBXNativeTarget;
			buildConfigurationList = 8D7DE70E1E9094A1007929AE /* Build configuration list for PBXNativeTarget "Driver app" */;
			buildPhases = (
				E1AF5BBE323D2F07CA893768 /* [CP] Check Pods Manifest.lock */,
				8D7DE6F81E9094A1007929AE /* Sources */,
				8D7DE6F91E9094A1007929AE /* Frameworks */,
				8D7DE6FA1E9094A1007929AE /* Resources */,
				237071043482746B9A5E6CAC /* [CP] Embed Pods Frameworks */,
				1C37961BDC3383363EF7EE34 /* [CP] Copy Pods Resources */,
			);
			buildRules = (
			);
			dependencies = (
			);
			name = "Driver app";
			productName = "Driver app";
			productReference = 8D7DE6FC1E9094A1007929AE /* Driver app.app */;
			productType = "com.apple.product-type.application";
		};
/* End PBXNativeTarget section */

/* Begin PBXProject section */
		8D7DE6F41E9094A1007929AE /* Project object */ = {
			isa = PBXProject;
			attributes = {
				LastSwiftUpdateCheck = 0820;
				LastUpgradeCheck = 0820;
				ORGANIZATIONNAME = "Bryant Acosta";
				TargetAttributes = {
					8D7DE6FB1E9094A1007929AE = {
						CreatedOnToolsVersion = 8.2.1;
						ProvisioningStyle = Automatic;
					};
				};
			};
			buildConfigurationList = 8D7DE6F71E9094A1007929AE /* Build configuration list for PBXProject "Driver app" */;
			compatibilityVersion = "Xcode 3.2";
			developmentRegion = English;
			hasScannedForEncodings = 0;
			knownRegions = (
				en,
				Base,
			);
			mainGroup = 8D7DE6F31E9094A1007929AE;
			productRefGroup = 8D7DE6FD1E9094A1007929AE /* Products */;
			projectDirPath = "";
			projectRoot = "";
			targets = (
				8D7DE6FB1E9094A1007929AE /* Driver app */,
			);
		};
/* End PBXProject section */

/* Begin PBXResourcesBuildPhase section */
		8D7DE6FA1E9094A1007929AE /* Resources */ = {
			isa = PBXResourcesBuildPhase;
			buildActionMask = 2147483647;
			files = (
				8D7DE70A1E9094A1007929AE /* LaunchScreen.storyboard in Resources */,
				8D2A23471E909D4F00904377 /* GoogleService-Info.plist in Resources */,
				8D7DE7071E9094A1007929AE /* Assets.xcassets in Resources */,
				8D7DE7051E9094A1007929AE /* Main.storyboard in Resources */,
			);
			runOnlyForDeploymentPostprocessing = 0;
		};
/* End PBXResourcesBuildPhase section */

/* Begin PBXShellScriptBuildPhase section */
		1C37961BDC3383363EF7EE34 /* [CP] Copy Pods Resources */ = {
			isa = PBXShellScriptBuildPhase;
			buildActionMask = 2147483647;
			files = (
			);
			inputPaths = (
			);
			name = "[CP] Copy Pods Resources";
			outputPaths = (
			);
			runOnlyForDeploymentPostprocessing = 0;
			shellPath = /bin/sh;
			shellScript = "\"${SRCROOT}/Pods/Target Support Files/Pods-Driver app/Pods-Driver app-resources.sh\"\n";
			showEnvVarsInLog = 0;
		};
		237071043482746B9A5E6CAC /* [CP] Embed Pods Frameworks */ = {
			isa = PBXShellScriptBuildPhase;
			buildActionMask = 2147483647;
			files = (
			);
			inputPaths = (
			);
			name = "[CP] Embed Pods Frameworks";
			outputPaths = (
			);
			runOnlyForDeploymentPostprocessing = 0;
			shellPath = /bin/sh;
			shellScript = "\"${SRCROOT}/Pods/Target Support Files/Pods-Driver app/Pods-Driver app-frameworks.sh\"\n";
			showEnvVarsInLog = 0;
		};
		E1AF5BBE323D2F07CA893768 /* [CP] Check Pods Manifest.lock */ = {
			isa = PBXShellScriptBuildPhase;
			buildActionMask = 2147483647;
			files = (
			);
			inputPaths = (
			);
			name = "[CP] Check Pods Manifest.lock";
			outputPaths = (
			);
			runOnlyForDeploymentPostprocessing = 0;
			shellPath = /bin/sh;
			shellScript = "diff \"${PODS_ROOT}/../Podfile.lock\" \"${PODS_ROOT}/Manifest.lock\" > /dev/null\nif [ $? != 0 ] ; then\n    # print error to STDERR\n    echo \"error: The sandbox is not in sync with the Podfile.lock. Run 'pod install' or update your CocoaPods installation.\" >&2\n    exit 1\nfi\n";
			showEnvVarsInLog = 0;
		};
/* End PBXShellScriptBuildPhase section */

/* Begin PBXSourcesBuildPhase section */
		8D7DE6F81E9094A1007929AE /* Sources */ = {
			isa = PBXSourcesBuildPhase;
			buildActionMask = 2147483647;
			files = (
				8D2A234A1E90A12D00904377 /* AuthProvider.swift in Sources */,
				8D2A23451E90996700904377 /* signInVc.swift in Sources */,
				8D2A234C1E90B5E300904377 /* DriverVC.swift in Sources */,
				8D7DE7001E9094A1007929AE /* AppDelegate.swift in Sources */,
				8D2A23521E90E55E00904377 /* UberHandler.swift in Sources */,
				8D2A234E1E90E11500904377 /* DBreference.swift in Sources */,
				8D2A23501E90E13900904377 /* Constants.swift in Sources */,
			);
			runOnlyForDeploymentPostprocessing = 0;
		};
/* End PBXSourcesBuildPhase section */

/* Begin PBXVariantGroup section */
		8D7DE7031E9094A1007929AE /* Main.storyboard */ = {
			isa = PBXVariantGroup;
			children = (
				8D7DE7041E9094A1007929AE /* Base */,
			);
			name = Main.storyboard;
			sourceTree = "<group>";
		};
		8D7DE7081E9094A1007929AE /* LaunchScreen.storyboard */ = {
			isa = PBXVariantGroup;
			children = (
				8D7DE7091E9094A1007929AE /* Base */,
			);
			name = LaunchScreen.storyboard;
			sourceTree = "<group>";
		};
/* End PBXVariantGroup section */

/* Begin XCBuildConfiguration section */
		8D7DE70C1E9094A1007929AE /* Debug */ = {
			isa = XCBuildConfiguration;
			buildSettings = {
				ALWAYS_SEARCH_USER_PATHS = NO;
				CLANG_ANALYZER_NONNULL = YES;
				CLANG_CXX_LANGUAGE_STANDARD = "gnu++0x";
				CLANG_CXX_LIBRARY = "libc++";
				CLANG_ENABLE_MODULES = YES;
				CLANG_ENABLE_OBJC_ARC = YES;
				CLANG_WARN_BOOL_CONVERSION = YES;
				CLANG_WARN_CONSTANT_CONVERSION = YES;
				CLANG_WARN_DIRECT_OBJC_ISA_USAGE = YES_ERROR;
				CLANG_WARN_DOCUMENTATION_COMMENTS = YES;
				CLANG_WARN_EMPTY_BODY = YES;
				CLANG_WARN_ENUM_CONVERSION = YES;
				CLANG_WARN_INFINITE_RECURSION = YES;
				CLANG_WARN_INT_CONVERSION = YES;
				CLANG_WARN_OBJC_ROOT_CLASS = YES_ERROR;
				CLANG_WARN_SUSPICIOUS_MOVE = YES;
				CLANG_WARN_UNREACHABLE_CODE = YES;
				CLANG_WARN__DUPLICATE_METHOD_MATCH = YES;
				"CODE_SIGN_IDENTITY[sdk=iphoneos*]" = "iPhone Developer";
				COPY_PHASE_STRIP = NO;
				DEBUG_INFORMATION_FORMAT = dwarf;
				ENABLE_STRICT_OBJC_MSGSEND = YES;
				ENABLE_TESTABILITY = YES;
				GCC_C_LANGUAGE_STANDARD = gnu99;
				GCC_DYNAMIC_NO_PIC = NO;
				GCC_NO_COMMON_BLOCKS = YES;
				GCC_OPTIMIZATION_LEVEL = 0;
				GCC_PREPROCESSOR_DEFINITIONS = (
					"DEBUG=1",
					"$(inherited)",
				);
				GCC_WARN_64_TO_32_BIT_CONVERSION = YES;
				GCC_WARN_ABOUT_RETURN_TYPE = YES_ERROR;
				GCC_WARN_UNDECLARED_SELECTOR = YES;
				GCC_WARN_UNINITIALIZED_AUTOS = YES_AGGRESSIVE;
				GCC_WARN_UNUSED_FUNCTION = YES;
				GCC_WARN_UNUSED_VARIABLE = YES;
				IPHONEOS_DEPLOYMENT_TARGET = 10.2;
				MTL_ENABLE_DEBUG_INFO = YES;
				ONLY_ACTIVE_ARCH = YES;
				SDKROOT = iphoneos;
				SWIFT_ACTIVE_COMPILATION_CONDITIONS = DEBUG;
				SWIFT_OPTIMIZATION_LEVEL = "-Onone";
				TARGETED_DEVICE_FAMILY = "1,2";
			};
			name = Debug;
		};
		8D7DE70D1E9094A1007929AE /* Release */ = {
			isa = XCBuildConfiguration;
			buildSettings = {
				ALWAYS_SEARCH_USER_PATHS = NO;
				CLANG_ANALYZER_NONNULL = YES;
				CLANG_CXX_LANGUAGE_STANDARD = "gnu++0x";
				CLANG_CXX_LIBRARY = "libc++";
				CLANG_ENABLE_MODULES = YES;
				CLANG_ENABLE_OBJC_ARC = YES;
				CLANG_WARN_BOOL_CONVERSION = YES;
				CLANG_WARN_CONSTANT_CONVERSION = YES;
				CLANG_WARN_DIRECT_OBJC_ISA_USAGE = YES_ERROR;
				CLANG_WARN_DOCUMENTATION_COMMENTS = YES;
				CLANG_WARN_EMPTY_BODY = YES;
				CLANG_WARN_ENUM_CONVERSION = YES;
				CLANG_WARN_INFINITE_RECURSION = YES;
				CLANG_WARN_INT_CONVERSION = YES;
				CLANG_WARN_OBJC_ROOT_CLASS = YES_ERROR;
				CLANG_WARN_SUSPICIOUS_MOVE = YES;
				CLANG_WARN_UNREACHABLE_CODE = YES;
				CLANG_WARN__DUPLICATE_METHOD_MATCH = YES;
				"CODE_SIGN_IDENTITY[sdk=iphoneos*]" = "iPhone Developer";
				COPY_PHASE_STRIP = NO;
				DEBUG_INFORMATION_FORMAT = "dwarf-with-dsym";
				ENABLE_NS_ASSERTIONS = NO;
				ENABLE_STRICT_OBJC_MSGSEND = YES;
				GCC_C_LANGUAGE_STANDARD = gnu99;
				GCC_NO_COMMON_BLOCKS = YES;
				GCC_WARN_64_TO_32_BIT_CONVERSION = YES;
				GCC_WARN_ABOUT_RETURN_TYPE = YES_ERROR;
				GCC_WARN_UNDECLARED_SELECTOR = YES;
				GCC_WARN_UNINITIALIZED_AUTOS = YES_AGGRESSIVE;
				GCC_WARN_UNUSED_FUNCTION = YES;
				GCC_WARN_UNUSED_VARIABLE = YES;
				IPHONEOS_DEPLOYMENT_TARGET = 10.2;
				MTL_ENABLE_DEBUG_INFO = NO;
				SDKROOT = iphoneos;
				SWIFT_OPTIMIZATION_LEVEL = "-Owholemodule";
				TARGETED_DEVICE_FAMILY = "1,2";
				VALIDATE_PRODUCT = YES;
			};
			name = Release;
		};
		8D7DE70F1E9094A1007929AE /* Debug */ = {
			isa = XCBuildConfiguration;
			baseConfigurationReference = 68002BDD33BAAC0AE060144F /* Pods-Driver app.debug.xcconfig */;
			buildSettings = {
				ASSETCATALOG_COMPILER_APPICON_NAME = AppIcon;
				INFOPLIST_FILE = "Driver app/Info.plist";
				LD_RUNPATH_SEARCH_PATHS = "$(inherited) @executable_path/Frameworks";
				PRODUCT_BUNDLE_IDENTIFIER = "SantisFirm.Driver-app";
				PRODUCT_NAME = "$(TARGET_NAME)";
				SWIFT_VERSION = 3.0;
			};
			name = Debug;
		};
		8D7DE7101E9094A1007929AE /* Release */ = {
			isa = XCBuildConfiguration;
			baseConfigurationReference = 05F029E76CD33032C4869760 /* Pods-Driver app.release.xcconfig */;
			buildSettings = {
				ASSETCATALOG_COMPILER_APPICON_NAME = AppIcon;
				INFOPLIST_FILE = "Driver app/Info.plist";
				LD_RUNPATH_SEARCH_PATHS = "$(inherited) @executable_path/Frameworks";
				PRODUCT_BUNDLE_IDENTIFIER = "SantisFirm.Driver-app";
				PRODUCT_NAME = "$(TARGET_NAME)";
				SWIFT_VERSION = 3.0;
			};
			name = Release;
		};
/* End XCBuildConfiguration section */

/* Begin XCConfigurationList section */
		8D7DE6F71E9094A1007929AE /* Build configuration list for PBXProject "Driver app" */ = {
			isa = XCConfigurationList;
			buildConfigurations = (
				8D7DE70C1E9094A1007929AE /* Debug */,
				8D7DE70D1E9094A1007929AE /* Release */,
			);
			defaultConfigurationIsVisible = 0;
			defaultConfigurationName = Release;
		};
		8D7DE70E1E9094A1007929AE /* Build configuration list for PBXNativeTarget "Driver app" */ = {
			isa = XCConfigurationList;
			buildConfigurations = (
				8D7DE70F1E9094A1007929AE /* Debug */,
				8D7DE7101E9094A1007929AE /* Release */,
			);
			defaultConfigurationIsVisible = 0;
			defaultConfigurationName = Release;
		};
/* End XCConfigurationList section */
	};
	rootObject = 8D7DE6F41E9094A1007929AE /* Project object */;
}
